<?xml version="1.0" encoding="utf-8"?>
<Project ToolsVersion="4.0" xmlns="http://schemas.microsoft.com/developer/msbuild/2003">
  <ItemGroup>
    <Filter Include="Source Files">
      <UniqueIdentifier>{4FC737F1-C7A5-4376-A066-2A32D752A2FF}</UniqueIdentifier>
      <Extensions>cpp;c;cc;cxx;def;odl;idl;hpj;bat;asm;asmx</Extensions>
    </Filter>
    <Filter Include="Header Files">
      <UniqueIdentifier>{93995380-89BD-4b04-88EB-625FBE52EBFB}</UniqueIdentifier>
      <Extensions>h;hh;hpp;hxx;hm;inl;inc;ipp;xsd</Extensions>
    </Filter>
    <Filter Include="Resource Files">
      <UniqueIdentifier>{67DA6AB6-F800-4c08-8B7A-83BB121AAD01}</UniqueIdentifier>
      <Extensions>rc;ico;cur;bmp;dlg;rc2;rct;bin;rgs;gif;jpg;jpeg;jpe;resx;tiff;tif;png;wav;mfcribbon-ms</Extensions>
    </Filter>
  </ItemGroup>
  <ItemGroup>
    <ClCompile Include="simplestdb.cc">
      <Filter>Source Files</Filter>
    </ClCompile>
    <ClCompile Include="simplestdb_row.cc">
      <Filter>Source Files</Filter>
    </ClCompile>
    <ClCompile Include="simplestdb_util.cc">
      <Filter>Source Files</Filter>
    </ClCompile>
    <ClCompile Include="simplest_dbrow.cc">
      <Filter>Source Files</Filter>
    </ClCompile>
    <ClCompile Include="simplestdb_tableheaderrow.cc">
      <Filter>Source Files</Filter>
    </ClCompile>
    <ClCompile Include="simplestdb_tablepointerrow.cc">
      <Filter>Source Files</Filter>
    </ClCompile>
    <ClCompile Include="simplestdb_datarow.cc">
      <Filter>Source Files</Filter>
    </ClCompile>
    <ClCompile Include="simplestdb_token.cc">
      <Filter>Source Files</Filter>
    </ClCompile>
    <ClCompile Include="simplestdb_page.cc">
      <Filter>Source Files</Filter>
    </ClCompile>
    <ClCompile Include="simplestdb_page_footer.cc">
      <Filter>Source Files</Filter>
    </ClCompile>
    <ClCompile Include="simplestdb_test.cc">
      <Filter>Source Files</Filter>
    </ClCompile>
    <ClCompile Include="simplestdb_disk_manager.cc">
      <Filter>Source Files</Filter>
    </ClCompile>
    <ClCompile Include="simplestdb_token_meta.cc">
      <Filter>Source Files</Filter>
    </ClCompile>
    <ClCompile Include="simplestdb_token_sql.cc">
      <Filter>Source Files</Filter>
    </ClCompile>
    <ClCompile Include="simplestdb_token_sqlwritetoken.cc">
      <Filter>Source Files</Filter>
    </ClCompile>
    <ClCompile Include="simplestdb_token_sqlquery.cc">
      <Filter>Source Files</Filter>
    </ClCompile>
  </ItemGroup>
  <ItemGroup>
    <ClInclude Include="simplestdb_row.h">
      <Filter>Header Files</Filter>
    </ClInclude>
    <ClInclude Include="lru_cache.h">
      <Filter>Header Files</Filter>
    </ClInclude>
    <ClInclude Include="simplestdb_token.h">
      <Filter>Header Files</Filter>
    </ClInclude>
    <ClInclude Include="simplestdb_util.h">
      <Filter>Header Files</Filter>
    </ClInclude>
    <ClInclude Include="simplestdb_dbrow.h">
      <Filter>Header Files</Filter>
    </ClInclude>
    <ClInclude Include="simplestdb_tableheaderrow.h">
      <Filter>Header Files</Filter>
    </ClInclude>
    <ClInclude Include="simplestdb_tablepointerrow.h">
      <Filter>Header Files</Filter>
    </ClInclude>
    <ClInclude Include="simplestdb_datarow.h">
      <Filter>Header Files</Filter>
    </ClInclude>
    <ClInclude Include="simplestdb_page.h">
      <Filter>Header Files</Filter>
    </ClInclude>
    <ClInclude Include="simplestdb_page_footer.h">
      <Filter>Header Files</Filter>
    </ClInclude>
    <ClInclude Include="simplestdb_test.h">
      <Filter>Header Files</Filter>
    </ClInclude>
    <ClInclude Include="simplestdb_disk_manager.h">
      <Filter>Header Files</Filter>
    </ClInclude>
    <ClInclude Include="simplestdb_token_meta.h">
      <Filter>Header Files</Filter>
    </ClInclude>
    <ClInclude Include="simplestdb_token_sql.h">
      <Filter>Header Files</Filter>
    </ClInclude>
    <ClInclude Include="simplestdb_token_sqlwritetoken.h">
      <Filter>Header Files</Filter>
    </ClInclude>
    <ClInclude Include="simplestdb_token_sqlquery.h">
      <Filter>Header Files</Filter>
    </ClInclude>
  </ItemGroup>
</Project>